// !$*UTF8*$!
{
	archiveVersion = 1;
	classes = {
	};
	objectVersion = 46;
	objects = {

/* Begin PBXBuildFile section */
		2A0AB2CF1B0AD5A900F26262 /* CoreData.framework in Frameworks */ = {isa = PBXBuildFile; fileRef = 2A0AB2CE1B0AD5A900F26262 /* CoreData.framework */; };
		2A0AB2D21B0AD61D00F26262 /* eShipModel.xcdatamodeld in Sources */ = {isa = PBXBuildFile; fileRef = 2A0AB2D01B0AD61D00F26262 /* eShipModel.xcdatamodeld */; };
		2A0AB2D71B0ADEB200F26262 /* BLBase64.m in Sources */ = {isa = PBXBuildFile; fileRef = 2A0AB2D61B0ADEB200F26262 /* BLBase64.m */; };
		2A1BF9CE1B058DD1003549D7 /* MapKit.framework in Frameworks */ = {isa = PBXBuildFile; fileRef = 2A1BF9CC1B058CBE003549D7 /* MapKit.framework */; };
		2A1BF9DF1B058E4A003549D7 /* libstdc++.6.0.9.dylib in Frameworks */ = {isa = PBXBuildFile; fileRef = 2A1BF9CF1B058DE6003549D7 /* libstdc++.6.0.9.dylib */; };
		2A1BF9E01B058E53003549D7 /* libz.dylib in Frameworks */ = {isa = PBXBuildFile; fileRef = 2A1BF9D51B058E03003549D7 /* libz.dylib */; };
		2A1BF9E11B058E5C003549D7 /* Security.framework in Frameworks */ = {isa = PBXBuildFile; fileRef = 2A1BF9D11B058DED003549D7 /* Security.framework */; };
		2A1BF9E21B058E64003549D7 /* Foundation.framework in Frameworks */ = {isa = PBXBuildFile; fileRef = 2A1BF9DD1B058E34003549D7 /* Foundation.framework */; };
		2A1BF9E31B058E6B003549D7 /* UIKit.framework in Frameworks */ = {isa = PBXBuildFile; fileRef = 2A1BF9DB1B058E2C003549D7 /* UIKit.framework */; };
		2A1BF9E41B058E73003549D7 /* CoreGraphics.framework in Frameworks */ = {isa = PBXBuildFile; fileRef = 2A1BF9D91B058E1A003549D7 /* CoreGraphics.framework */; };
		2A1BF9E51B058E7A003549D7 /* OpenGLES.framework in Frameworks */ = {isa = PBXBuildFile; fileRef = 2A1BF9D71B058E0E003549D7 /* OpenGLES.framework */; };
		2A1BF9E61B058E82003549D7 /* libstdc++.dylib in Frameworks */ = {isa = PBXBuildFile; fileRef = 2A1BF9D31B058DFC003549D7 /* libstdc++.dylib */; };
		2A1BF9EC1B05988F003549D7 /* MACustomizedAnnotation.m in Sources */ = {isa = PBXBuildFile; fileRef = 2A1BF9EB1B05988F003549D7 /* MACustomizedAnnotation.m */; };
		2A1BF9F21B059ADB003549D7 /* animatedCar_1.png in Resources */ = {isa = PBXBuildFile; fileRef = 2A1BF9EE1B059ADB003549D7 /* animatedCar_1.png */; };
		2A1BF9F31B059ADB003549D7 /* animatedCar_2.png in Resources */ = {isa = PBXBuildFile; fileRef = 2A1BF9EF1B059ADB003549D7 /* animatedCar_2.png */; };
		2A1BF9F41B059ADB003549D7 /* animatedCar_3.png in Resources */ = {isa = PBXBuildFile; fileRef = 2A1BF9F01B059ADB003549D7 /* animatedCar_3.png */; };
		2A1BF9F51B059ADB003549D7 /* animatedCar_4.png in Resources */ = {isa = PBXBuildFile; fileRef = 2A1BF9F11B059ADB003549D7 /* animatedCar_4.png */; };
		2A1BF9F81B059BBA003549D7 /* MACustomizedAnnotationView.m in Sources */ = {isa = PBXBuildFile; fileRef = 2A1BF9F71B059BBA003549D7 /* MACustomizedAnnotationView.m */; };
		2ACE03251AFC47B90091BD9D /* main.m in Sources */ = {isa = PBXBuildFile; fileRef = 2ACE03241AFC47B90091BD9D /* main.m */; };
		2ACE03281AFC47B90091BD9D /* AppDelegate.m in Sources */ = {isa = PBXBuildFile; fileRef = 2ACE03271AFC47B90091BD9D /* AppDelegate.m */; };
		2ACE032B1AFC47B90091BD9D /* MapViewController.m in Sources */ = {isa = PBXBuildFile; fileRef = 2ACE032A1AFC47B90091BD9D /* MapViewController.m */; };
		2ACE032E1AFC47B90091BD9D /* Main.storyboard in Resources */ = {isa = PBXBuildFile; fileRef = 2ACE032C1AFC47B90091BD9D /* Main.storyboard */; };
		2ACE03301AFC47B90091BD9D /* Images.xcassets in Resources */ = {isa = PBXBuildFile; fileRef = 2ACE032F1AFC47B90091BD9D /* Images.xcassets */; };
		2ACE03331AFC47B90091BD9D /* LaunchScreen.xib in Resources */ = {isa = PBXBuildFile; fileRef = 2ACE03311AFC47B90091BD9D /* LaunchScreen.xib */; };
		2ACE033F1AFC47B90091BD9D /* eShipTests.m in Sources */ = {isa = PBXBuildFile; fileRef = 2ACE033E1AFC47B90091BD9D /* eShipTests.m */; };
		2ACE034A1AFC50A40091BD9D /* SettingsViewController.m in Sources */ = {isa = PBXBuildFile; fileRef = 2ACE03491AFC50A40091BD9D /* SettingsViewController.m */; };
		2ACE034D1AFC53BF0091BD9D /* FindViewController.m in Sources */ = {isa = PBXBuildFile; fileRef = 2ACE034C1AFC53BF0091BD9D /* FindViewController.m */; };
		2ACE03501AFC53CE0091BD9D /* MineViewController.m in Sources */ = {isa = PBXBuildFile; fileRef = 2ACE034F1AFC53CE0091BD9D /* MineViewController.m */; };
		2ACE03561AFC58820091BD9D /* CoreLocation.framework in Frameworks */ = {isa = PBXBuildFile; fileRef = 2ACE03511AFC584A0091BD9D /* CoreLocation.framework */; };
		2ACE038F1B000B520091BD9D /* AVFoundation.framework in Frameworks */ = {isa = PBXBuildFile; fileRef = 2ACE038E1B000B520091BD9D /* AVFoundation.framework */; };
		2ACE03911B000B5C0091BD9D /* CoreMedia.framework in Frameworks */ = {isa = PBXBuildFile; fileRef = 2ACE03901B000B5C0091BD9D /* CoreMedia.framework */; };
		2ACE03931B000B630091BD9D /* CoreVideo.framework in Frameworks */ = {isa = PBXBuildFile; fileRef = 2ACE03921B000B630091BD9D /* CoreVideo.framework */; };
		2ACE03951B000B6E0091BD9D /* QuartzCore.framework in Frameworks */ = {isa = PBXBuildFile; fileRef = 2ACE03941B000B6E0091BD9D /* QuartzCore.framework */; };
		2ACE03971B000B8A0091BD9D /* libiconv.dylib in Frameworks */ = {isa = PBXBuildFile; fileRef = 2ACE03961B000B8A0091BD9D /* libiconv.dylib */; };
		2ACE039E1B000E100091BD9D /* WYPopoverController.m in Sources */ = {isa = PBXBuildFile; fileRef = 2ACE039B1B000E100091BD9D /* WYPopoverController.m */; };
		2ACE039F1B000E100091BD9D /* WYStoryboardPopoverSegue.m in Sources */ = {isa = PBXBuildFile; fileRef = 2ACE039D1B000E100091BD9D /* WYStoryboardPopoverSegue.m */; };
		2ACE03A21B0010340091BD9D /* WYTableViewViewController.m in Sources */ = {isa = PBXBuildFile; fileRef = 2ACE03A11B0010340091BD9D /* WYTableViewViewController.m */; };
		2ACE03A61B001A880091BD9D /* CheckPriceViewController.m in Sources */ = {isa = PBXBuildFile; fileRef = 2ACE03A51B001A880091BD9D /* CheckPriceViewController.m */; };
		2ACE03A91B0054F20091BD9D /* HomeViewController.m in Sources */ = {isa = PBXBuildFile; fileRef = 2ACE03A81B0054F20091BD9D /* HomeViewController.m */; };
		2AE04ECE1B0C28DB00AA9628 /* BLNetwork.m in Sources */ = {isa = PBXBuildFile; fileRef = 2AE04ECD1B0C28DB00AA9628 /* BLNetwork.m */; };
		2AE04ED01B0C2A7200AA9628 /* CFNetwork.framework in Frameworks */ = {isa = PBXBuildFile; fileRef = 2AE04ECF1B0C2A7200AA9628 /* CFNetwork.framework */; };
		2AE04ED41B0C2AE600AA9628 /* BLParams.m in Sources */ = {isa = PBXBuildFile; fileRef = 2AE04ED31B0C2AE600AA9628 /* BLParams.m */; };
		2AE04EE01B0D844F00AA9628 /* MAMapKit.framework in Frameworks */ = {isa = PBXBuildFile; fileRef = 2AE04EDA1B0D843300AA9628 /* MAMapKit.framework */; };
		2AE04EE11B0D844F00AA9628 /* SVProgressHUD.bundle in Frameworks */ = {isa = PBXBuildFile; fileRef = 2AE04EDB1B0D843300AA9628 /* SVProgressHUD.bundle */; };
		2AE04EE21B0D844F00AA9628 /* ZBar.framework in Frameworks */ = {isa = PBXBuildFile; fileRef = 2AE04EDC1B0D843300AA9628 /* ZBar.framework */; };
		2AE04EE91B0D84A300AA9628 /* SVIndefiniteAnimatedView.m in Sources */ = {isa = PBXBuildFile; fileRef = 2AE04EE51B0D84A300AA9628 /* SVIndefiniteAnimatedView.m */; };
		2AE04EEA1B0D84A300AA9628 /* SVProgressHUD.m in Sources */ = {isa = PBXBuildFile; fileRef = 2AE04EE81B0D84A300AA9628 /* SVProgressHUD.m */; };
		2AE04EED1B0D864C00AA9628 /* AMap.bundle in Frameworks */ = {isa = PBXBuildFile; fileRef = 2AE04EEB1B0D854D00AA9628 /* AMap.bundle */; };
		2AE04EEE1B0D86A100AA9628 /* AMap.bundle in Resources */ = {isa = PBXBuildFile; fileRef = 2AE04EEB1B0D854D00AA9628 /* AMap.bundle */; };
		2AE04EEF1B0D86A800AA9628 /* SVProgressHUD.bundle in Resources */ = {isa = PBXBuildFile; fileRef = 2AE04EDB1B0D843300AA9628 /* SVProgressHUD.bundle */; };
/* End PBXBuildFile section */

/* Begin PBXContainerItemProxy section */
		2ACE03391AFC47B90091BD9D /* PBXContainerItemProxy */ = {
			isa = PBXContainerItemProxy;
			containerPortal = 2ACE03171AFC47B90091BD9D /* Project object */;
			proxyType = 1;
			remoteGlobalIDString = 2ACE031E1AFC47B90091BD9D;
			remoteInfo = eShip;
		};
/* End PBXContainerItemProxy section */

/* Begin PBXFileReference section */
		2A0AB2CE1B0AD5A900F26262 /* CoreData.framework */ = {isa = PBXFileReference; lastKnownFileType = wrapper.framework; name = CoreData.framework; path = System/Library/Frameworks/CoreData.framework; sourceTree = SDKROOT; };
		2A0AB2D11B0AD61D00F26262 /* eShipModel.xcdatamodel */ = {isa = PBXFileReference; lastKnownFileType = wrapper.xcdatamodel; path = eShipModel.xcdatamodel; sourceTree = "<group>"; };
		2A0AB2D51B0ADEB200F26262 /* BLBase64.h */ = {isa = PBXFileReference; fileEncoding = 4; lastKnownFileType = sourcecode.c.h; path = BLBase64.h; sourceTree = "<group>"; };
		2A0AB2D61B0ADEB200F26262 /* BLBase64.m */ = {isa = PBXFileReference; fileEncoding = 4; lastKnownFileType = sourcecode.c.objc; path = BLBase64.m; sourceTree = "<group>"; };
		2A0AB2D81B0AE16E00F26262 /* libcommonCrypto.dylib */ = {isa = PBXFileReference; lastKnownFileType = "compiled.mach-o.dylib"; name = libcommonCrypto.dylib; path = usr/lib/system/libcommonCrypto.dylib; sourceTree = SDKROOT; };
		2A1BF9CB1B0588D3003549D7 /* APIKey.h */ = {isa = PBXFileReference; fileEncoding = 4; lastKnownFileType = sourcecode.c.h; path = APIKey.h; sourceTree = "<group>"; };
		2A1BF9CC1B058CBE003549D7 /* MapKit.framework */ = {isa = PBXFileReference; lastKnownFileType = wrapper.framework; name = MapKit.framework; path = System/Library/Frameworks/MapKit.framework; sourceTree = SDKROOT; };
		2A1BF9CF1B058DE6003549D7 /* libstdc++.6.0.9.dylib */ = {isa = PBXFileReference; lastKnownFileType = "compiled.mach-o.dylib"; name = "libstdc++.6.0.9.dylib"; path = "usr/lib/libstdc++.6.0.9.dylib"; sourceTree = SDKROOT; };
		2A1BF9D11B058DED003549D7 /* Security.framework */ = {isa = PBXFileReference; lastKnownFileType = wrapper.framework; name = Security.framework; path = System/Library/Frameworks/Security.framework; sourceTree = SDKROOT; };
		2A1BF9D31B058DFC003549D7 /* libstdc++.dylib */ = {isa = PBXFileReference; lastKnownFileType = "compiled.mach-o.dylib"; name = "libstdc++.dylib"; path = "usr/lib/libstdc++.dylib"; sourceTree = SDKROOT; };
		2A1BF9D51B058E03003549D7 /* libz.dylib */ = {isa = PBXFileReference; lastKnownFileType = "compiled.mach-o.dylib"; name = libz.dylib; path = usr/lib/libz.dylib; sourceTree = SDKROOT; };
		2A1BF9D71B058E0E003549D7 /* OpenGLES.framework */ = {isa = PBXFileReference; lastKnownFileType = wrapper.framework; name = OpenGLES.framework; path = System/Library/Frameworks/OpenGLES.framework; sourceTree = SDKROOT; };
		2A1BF9D91B058E1A003549D7 /* CoreGraphics.framework */ = {isa = PBXFileReference; lastKnownFileType = wrapper.framework; name = CoreGraphics.framework; path = System/Library/Frameworks/CoreGraphics.framework; sourceTree = SDKROOT; };
		2A1BF9DB1B058E2C003549D7 /* UIKit.framework */ = {isa = PBXFileReference; lastKnownFileType = wrapper.framework; name = UIKit.framework; path = System/Library/Frameworks/UIKit.framework; sourceTree = SDKROOT; };
		2A1BF9DD1B058E34003549D7 /* Foundation.framework */ = {isa = PBXFileReference; lastKnownFileType = wrapper.framework; name = Foundation.framework; path = System/Library/Frameworks/Foundation.framework; sourceTree = SDKROOT; };
		2A1BF9EA1B05988F003549D7 /* MACustomizedAnnotation.h */ = {isa = PBXFileReference; fileEncoding = 4; lastKnownFileType = sourcecode.c.h; path = MACustomizedAnnotation.h; sourceTree = "<group>"; };
		2A1BF9EB1B05988F003549D7 /* MACustomizedAnnotation.m */ = {isa = PBXFileReference; fileEncoding = 4; lastKnownFileType = sourcecode.c.objc; path = MACustomizedAnnotation.m; sourceTree = "<group>"; };
		2A1BF9EE1B059ADB003549D7 /* animatedCar_1.png */ = {isa = PBXFileReference; lastKnownFileType = image.png; path = animatedCar_1.png; sourceTree = "<group>"; };
		2A1BF9EF1B059ADB003549D7 /* animatedCar_2.png */ = {isa = PBXFileReference; lastKnownFileType = image.png; path = animatedCar_2.png; sourceTree = "<group>"; };
		2A1BF9F01B059ADB003549D7 /* animatedCar_3.png */ = {isa = PBXFileReference; lastKnownFileType = image.png; path = animatedCar_3.png; sourceTree = "<group>"; };
		2A1BF9F11B059ADB003549D7 /* animatedCar_4.png */ = {isa = PBXFileReference; lastKnownFileType = image.png; path = animatedCar_4.png; sourceTree = "<group>"; };
		2A1BF9F61B059BBA003549D7 /* MACustomizedAnnotationView.h */ = {isa = PBXFileReference; fileEncoding = 4; lastKnownFileType = sourcecode.c.h; path = MACustomizedAnnotationView.h; sourceTree = "<group>"; };
		2A1BF9F71B059BBA003549D7 /* MACustomizedAnnotationView.m */ = {isa = PBXFileReference; fileEncoding = 4; lastKnownFileType = sourcecode.c.objc; path = MACustomizedAnnotationView.m; sourceTree = "<group>"; };
		2ACE031F1AFC47B90091BD9D /* eShip.app */ = {isa = PBXFileReference; explicitFileType = wrapper.application; includeInIndex = 0; path = eShip.app; sourceTree = BUILT_PRODUCTS_DIR; };
		2ACE03231AFC47B90091BD9D /* Info.plist */ = {isa = PBXFileReference; lastKnownFileType = text.plist.xml; path = Info.plist; sourceTree = "<group>"; };
		2ACE03241AFC47B90091BD9D /* main.m */ = {isa = PBXFileReference; lastKnownFileType = sourcecode.c.objc; path = main.m; sourceTree = "<group>"; };
		2ACE03261AFC47B90091BD9D /* AppDelegate.h */ = {isa = PBXFileReference; lastKnownFileType = sourcecode.c.h; path = AppDelegate.h; sourceTree = "<group>"; };
		2ACE03271AFC47B90091BD9D /* AppDelegate.m */ = {isa = PBXFileReference; lastKnownFileType = sourcecode.c.objc; path = AppDelegate.m; sourceTree = "<group>"; };
		2ACE03291AFC47B90091BD9D /* MapViewController.h */ = {isa = PBXFileReference; lastKnownFileType = sourcecode.c.h; path = MapViewController.h; sourceTree = "<group>"; };
		2ACE032A1AFC47B90091BD9D /* MapViewController.m */ = {isa = PBXFileReference; lastKnownFileType = sourcecode.c.objc; path = MapViewController.m; sourceTree = "<group>"; };
		2ACE032D1AFC47B90091BD9D /* Base */ = {isa = PBXFileReference; lastKnownFileType = file.storyboard; name = Base; path = Base.lproj/Main.storyboard; sourceTree = "<group>"; };
		2ACE032F1AFC47B90091BD9D /* Images.xcassets */ = {isa = PBXFileReference; lastKnownFileType = folder.assetcatalog; path = Images.xcassets; sourceTree = "<group>"; };
		2ACE03321AFC47B90091BD9D /* Base */ = {isa = PBXFileReference; lastKnownFileType = file.xib; name = Base; path = Base.lproj/LaunchScreen.xib; sourceTree = "<group>"; };
		2ACE03381AFC47B90091BD9D /* eShipTests.xctest */ = {isa = PBXFileReference; explicitFileType = wrapper.cfbundle; includeInIndex = 0; path = eShipTests.xctest; sourceTree = BUILT_PRODUCTS_DIR; };
		2ACE033D1AFC47B90091BD9D /* Info.plist */ = {isa = PBXFileReference; lastKnownFileType = text.plist.xml; path = Info.plist; sourceTree = "<group>"; };
		2ACE033E1AFC47B90091BD9D /* eShipTests.m */ = {isa = PBXFileReference; lastKnownFileType = sourcecode.c.objc; path = eShipTests.m; sourceTree = "<group>"; };
		2ACE03481AFC50A40091BD9D /* SettingsViewController.h */ = {isa = PBXFileReference; fileEncoding = 4; lastKnownFileType = sourcecode.c.h; path = SettingsViewController.h; sourceTree = "<group>"; };
		2ACE03491AFC50A40091BD9D /* SettingsViewController.m */ = {isa = PBXFileReference; fileEncoding = 4; lastKnownFileType = sourcecode.c.objc; path = SettingsViewController.m; sourceTree = "<group>"; };
		2ACE034B1AFC53BF0091BD9D /* FindViewController.h */ = {isa = PBXFileReference; fileEncoding = 4; lastKnownFileType = sourcecode.c.h; path = FindViewController.h; sourceTree = "<group>"; };
		2ACE034C1AFC53BF0091BD9D /* FindViewController.m */ = {isa = PBXFileReference; fileEncoding = 4; lastKnownFileType = sourcecode.c.objc; path = FindViewController.m; sourceTree = "<group>"; };
		2ACE034E1AFC53CE0091BD9D /* MineViewController.h */ = {isa = PBXFileReference; fileEncoding = 4; lastKnownFileType = sourcecode.c.h; path = MineViewController.h; sourceTree = "<group>"; };
		2ACE034F1AFC53CE0091BD9D /* MineViewController.m */ = {isa = PBXFileReference; fileEncoding = 4; lastKnownFileType = sourcecode.c.objc; path = MineViewController.m; sourceTree = "<group>"; };
		2ACE03511AFC584A0091BD9D /* CoreLocation.framework */ = {isa = PBXFileReference; lastKnownFileType = wrapper.framework; name = CoreLocation.framework; path = System/Library/Frameworks/CoreLocation.framework; sourceTree = SDKROOT; };
		2ACE038E1B000B520091BD9D /* AVFoundation.framework */ = {isa = PBXFileReference; lastKnownFileType = wrapper.framework; name = AVFoundation.framework; path = System/Library/Frameworks/AVFoundation.framework; sourceTree = SDKROOT; };
		2ACE03901B000B5C0091BD9D /* CoreMedia.framework */ = {isa = PBXFileReference; lastKnownFileType = wrapper.framework; name = CoreMedia.framework; path = System/Library/Frameworks/CoreMedia.framework; sourceTree = SDKROOT; };
		2ACE03921B000B630091BD9D /* CoreVideo.framework */ = {isa = PBXFileReference; lastKnownFileType = wrapper.framework; name = CoreVideo.framework; path = System/Library/Frameworks/CoreVideo.framework; sourceTree = SDKROOT; };
		2ACE03941B000B6E0091BD9D /* QuartzCore.framework */ = {isa = PBXFileReference; lastKnownFileType = wrapper.framework; name = QuartzCore.framework; path = System/Library/Frameworks/QuartzCore.framework; sourceTree = SDKROOT; };
		2ACE03961B000B8A0091BD9D /* libiconv.dylib */ = {isa = PBXFileReference; lastKnownFileType = "compiled.mach-o.dylib"; name = libiconv.dylib; path = usr/lib/libiconv.dylib; sourceTree = SDKROOT; };
		2ACE039A1B000E100091BD9D /* WYPopoverController.h */ = {isa = PBXFileReference; fileEncoding = 4; lastKnownFileType = sourcecode.c.h; path = WYPopoverController.h; sourceTree = "<group>"; };
		2ACE039B1B000E100091BD9D /* WYPopoverController.m */ = {isa = PBXFileReference; fileEncoding = 4; lastKnownFileType = sourcecode.c.objc; path = WYPopoverController.m; sourceTree = "<group>"; };
		2ACE039C1B000E100091BD9D /* WYStoryboardPopoverSegue.h */ = {isa = PBXFileReference; fileEncoding = 4; lastKnownFileType = sourcecode.c.h; path = WYStoryboardPopoverSegue.h; sourceTree = "<group>"; };
		2ACE039D1B000E100091BD9D /* WYStoryboardPopoverSegue.m */ = {isa = PBXFileReference; fileEncoding = 4; lastKnownFileType = sourcecode.c.objc; path = WYStoryboardPopoverSegue.m; sourceTree = "<group>"; };
		2ACE03A01B0010340091BD9D /* WYTableViewViewController.h */ = {isa = PBXFileReference; fileEncoding = 4; lastKnownFileType = sourcecode.c.h; path = WYTableViewViewController.h; sourceTree = "<group>"; };
		2ACE03A11B0010340091BD9D /* WYTableViewViewController.m */ = {isa = PBXFileReference; fileEncoding = 4; lastKnownFileType = sourcecode.c.objc; path = WYTableViewViewController.m; sourceTree = "<group>"; };
		2ACE03A41B001A880091BD9D /* CheckPriceViewController.h */ = {isa = PBXFileReference; fileEncoding = 4; lastKnownFileType = sourcecode.c.h; path = CheckPriceViewController.h; sourceTree = "<group>"; };
		2ACE03A51B001A880091BD9D /* CheckPriceViewController.m */ = {isa = PBXFileReference; fileEncoding = 4; lastKnownFileType = sourcecode.c.objc; path = CheckPriceViewController.m; sourceTree = "<group>"; };
		2ACE03A71B0054F20091BD9D /* HomeViewController.h */ = {isa = PBXFileReference; fileEncoding = 4; lastKnownFileType = sourcecode.c.h; path = HomeViewController.h; sourceTree = "<group>"; };
		2ACE03A81B0054F20091BD9D /* HomeViewController.m */ = {isa = PBXFileReference; fileEncoding = 4; lastKnownFileType = sourcecode.c.objc; path = HomeViewController.m; sourceTree = "<group>"; };
		2AE04ECC1B0C28DB00AA9628 /* BLNetwork.h */ = {isa = PBXFileReference; fileEncoding = 4; lastKnownFileType = sourcecode.c.h; path = BLNetwork.h; sourceTree = "<group>"; };
		2AE04ECD1B0C28DB00AA9628 /* BLNetwork.m */ = {isa = PBXFileReference; fileEncoding = 4; lastKnownFileType = sourcecode.c.objc; path = BLNetwork.m; sourceTree = "<group>"; };
		2AE04ECF1B0C2A7200AA9628 /* CFNetwork.framework */ = {isa = PBXFileReference; lastKnownFileType = wrapper.framework; name = CFNetwork.framework; path = System/Library/Frameworks/CFNetwork.framework; sourceTree = SDKROOT; };
		2AE04ED21B0C2AE600AA9628 /* BLParams.h */ = {isa = PBXFileReference; fileEncoding = 4; lastKnownFileType = sourcecode.c.h; path = BLParams.h; sourceTree = "<group>"; };
		2AE04ED31B0C2AE600AA9628 /* BLParams.m */ = {isa = PBXFileReference; fileEncoding = 4; lastKnownFileType = sourcecode.c.objc; path = BLParams.m; sourceTree = "<group>"; };
		2AE04EDA1B0D843300AA9628 /* MAMapKit.framework */ = {isa = PBXFileReference; lastKnownFileType = wrapper.framework; name = MAMapKit.framework; path = eShip/Framework/MAMapKit.framework; sourceTree = "<group>"; };
		2AE04EDB1B0D843300AA9628 /* SVProgressHUD.bundle */ = {isa = PBXFileReference; lastKnownFileType = "wrapper.plug-in"; name = SVProgressHUD.bundle; path = eShip/Framework/SVProgressHUD.bundle; sourceTree = "<group>"; };
		2AE04EDC1B0D843300AA9628 /* ZBar.framework */ = {isa = PBXFileReference; lastKnownFileType = wrapper.framework; name = ZBar.framework; path = eShip/Framework/ZBar.framework; sourceTree = "<group>"; };
		2AE04EE41B0D84A300AA9628 /* SVIndefiniteAnimatedView.h */ = {isa = PBXFileReference; fileEncoding = 4; lastKnownFileType = sourcecode.c.h; name = SVIndefiniteAnimatedView.h; path = SVProgressHUD/SVIndefiniteAnimatedView.h; sourceTree = "<group>"; };
		2AE04EE51B0D84A300AA9628 /* SVIndefiniteAnimatedView.m */ = {isa = PBXFileReference; fileEncoding = 4; lastKnownFileType = sourcecode.c.objc; name = SVIndefiniteAnimatedView.m; path = SVProgressHUD/SVIndefiniteAnimatedView.m; sourceTree = "<group>"; };
		2AE04EE61B0D84A300AA9628 /* SVProgressHUD-Prefix.pch */ = {isa = PBXFileReference; fileEncoding = 4; lastKnownFileType = sourcecode.c.h; name = "SVProgressHUD-Prefix.pch"; path = "SVProgressHUD/SVProgressHUD-Prefix.pch"; sourceTree = "<group>"; };
		2AE04EE71B0D84A300AA9628 /* SVProgressHUD.h */ = {isa = PBXFileReference; fileEncoding = 4; lastKnownFileType = sourcecode.c.h; name = SVProgressHUD.h; path = SVProgressHUD/SVProgressHUD.h; sourceTree = "<group>"; };
		2AE04EE81B0D84A300AA9628 /* SVProgressHUD.m */ = {isa = PBXFileReference; fileEncoding = 4; lastKnownFileType = sourcecode.c.objc; name = SVProgressHUD.m; path = SVProgressHUD/SVProgressHUD.m; sourceTree = "<group>"; };
		2AE04EEB1B0D854D00AA9628 /* AMap.bundle */ = {isa = PBXFileReference; lastKnownFileType = "wrapper.plug-in"; name = AMap.bundle; path = eShip/Framework/MAMapKit.framework/Versions/2.5.0.ce99742/Resources/AMap.bundle; sourceTree = "<group>"; };
/* End PBXFileReference section */

/* Begin PBXFrameworksBuildPhase section */
		2ACE031C1AFC47B90091BD9D /* Frameworks */ = {
			isa = PBXFrameworksBuildPhase;
			buildActionMask = 2147483647;
			files = (
				2AE04EED1B0D864C00AA9628 /* AMap.bundle in Frameworks */,
				2AE04EE01B0D844F00AA9628 /* MAMapKit.framework in Frameworks */,
				2AE04EE11B0D844F00AA9628 /* SVProgressHUD.bundle in Frameworks */,
				2AE04EE21B0D844F00AA9628 /* ZBar.framework in Frameworks */,
				2AE04ED01B0C2A7200AA9628 /* CFNetwork.framework in Frameworks */,
				2A0AB2CF1B0AD5A900F26262 /* CoreData.framework in Frameworks */,
				2A1BF9E61B058E82003549D7 /* libstdc++.dylib in Frameworks */,
				2A1BF9E51B058E7A003549D7 /* OpenGLES.framework in Frameworks */,
				2A1BF9E41B058E73003549D7 /* CoreGraphics.framework in Frameworks */,
				2A1BF9E31B058E6B003549D7 /* UIKit.framework in Frameworks */,
				2A1BF9E21B058E64003549D7 /* Foundation.framework in Frameworks */,
				2A1BF9E11B058E5C003549D7 /* Security.framework in Frameworks */,
				2A1BF9E01B058E53003549D7 /* libz.dylib in Frameworks */,
				2A1BF9DF1B058E4A003549D7 /* libstdc++.6.0.9.dylib in Frameworks */,
				2A1BF9CE1B058DD1003549D7 /* MapKit.framework in Frameworks */,
				2ACE03971B000B8A0091BD9D /* libiconv.dylib in Frameworks */,
				2ACE03951B000B6E0091BD9D /* QuartzCore.framework in Frameworks */,
				2ACE03931B000B630091BD9D /* CoreVideo.framework in Frameworks */,
				2ACE03911B000B5C0091BD9D /* CoreMedia.framework in Frameworks */,
				2ACE038F1B000B520091BD9D /* AVFoundation.framework in Frameworks */,
				2ACE03561AFC58820091BD9D /* CoreLocation.framework in Frameworks */,
			);
			runOnlyForDeploymentPostprocessing = 0;
		};
		2ACE03351AFC47B90091BD9D /* Frameworks */ = {
			isa = PBXFrameworksBuildPhase;
			buildActionMask = 2147483647;
			files = (
			);
			runOnlyForDeploymentPostprocessing = 0;
		};
/* End PBXFrameworksBuildPhase section */

/* Begin PBXGroup section */
		2A0AB2D31B0AD62400F26262 /* CoreData */ = {
			isa = PBXGroup;
			children = (
				2A0AB2D01B0AD61D00F26262 /* eShipModel.xcdatamodeld */,
			);
			name = CoreData;
			sourceTree = "<group>";
		};
		2A0AB2D41B0ADE6100F26262 /* Base64 */ = {
			isa = PBXGroup;
			children = (
				2A0AB2D51B0ADEB200F26262 /* BLBase64.h */,
				2A0AB2D61B0ADEB200F26262 /* BLBase64.m */,
			);
			name = Base64;
			sourceTree = "<group>";
		};
		2A1BF9CA1B0588B9003549D7 /* Configuration */ = {
			isa = PBXGroup;
			children = (
				2A1BF9CB1B0588D3003549D7 /* APIKey.h */,
			);
			name = Configuration;
			sourceTree = "<group>";
		};
		2A1BF9E91B059862003549D7 /* MAMapCustomize */ = {
			isa = PBXGroup;
			children = (
				2A1BF9EA1B05988F003549D7 /* MACustomizedAnnotation.h */,
				2A1BF9EB1B05988F003549D7 /* MACustomizedAnnotation.m */,
				2A1BF9F61B059BBA003549D7 /* MACustomizedAnnotationView.h */,
				2A1BF9F71B059BBA003549D7 /* MACustomizedAnnotationView.m */,
			);
			name = MAMapCustomize;
			sourceTree = "<group>";
		};
		2A1BF9ED1B059AC1003549D7 /* Assets */ = {
			isa = PBXGroup;
			children = (
				2A1BF9EE1B059ADB003549D7 /* animatedCar_1.png */,
				2A1BF9EF1B059ADB003549D7 /* animatedCar_2.png */,
				2A1BF9F01B059ADB003549D7 /* animatedCar_3.png */,
				2A1BF9F11B059ADB003549D7 /* animatedCar_4.png */,
			);
			name = Assets;
			sourceTree = "<group>";
		};
		2ACE03161AFC47B90091BD9D = {
			isa = PBXGroup;
			children = (
				2ACE03211AFC47B90091BD9D /* eShip */,
				2ACE033B1AFC47B90091BD9D /* eShipTests */,
				2ACE03201AFC47B90091BD9D /* Products */,
				2ACE03551AFC58660091BD9D /* framework */,
			);
			sourceTree = "<group>";
		};
		2ACE03201AFC47B90091BD9D /* Products */ = {
			isa = PBXGroup;
			children = (
				2ACE031F1AFC47B90091BD9D /* eShip.app */,
				2ACE03381AFC47B90091BD9D /* eShipTests.xctest */,
			);
			name = Products;
			sourceTree = "<group>";
		};
		2ACE03211AFC47B90091BD9D /* eShip */ = {
			isa = PBXGroup;
			children = (
				2AE04EE31B0D845B00AA9628 /* SVProgressHUD */,
				2AE04ED11B0C2A9800AA9628 /* Params */,
				2A0AB2D41B0ADE6100F26262 /* Base64 */,
				2A0AB2D31B0AD62400F26262 /* CoreData */,
				2A1BF9ED1B059AC1003549D7 /* Assets */,
				2A1BF9E91B059862003549D7 /* MAMapCustomize */,
				2A1BF9CA1B0588B9003549D7 /* Configuration */,
				2ACE03A31B0016A50091BD9D /* Network */,
				2ACE03991B000E100091BD9D /* WYPopoverController */,
				2ACE03981B000D2A0091BD9D /* ViewController */,
				2ACE03261AFC47B90091BD9D /* AppDelegate.h */,
				2ACE03271AFC47B90091BD9D /* AppDelegate.m */,
				2ACE032C1AFC47B90091BD9D /* Main.storyboard */,
				2ACE032F1AFC47B90091BD9D /* Images.xcassets */,
				2ACE03311AFC47B90091BD9D /* LaunchScreen.xib */,
				2ACE03221AFC47B90091BD9D /* Supporting Files */,
			);
			path = eShip;
			sourceTree = "<group>";
		};
		2ACE03221AFC47B90091BD9D /* Supporting Files */ = {
			isa = PBXGroup;
			children = (
				2ACE03231AFC47B90091BD9D /* Info.plist */,
				2ACE03241AFC47B90091BD9D /* main.m */,
			);
			name = "Supporting Files";
			sourceTree = "<group>";
		};
		2ACE033B1AFC47B90091BD9D /* eShipTests */ = {
			isa = PBXGroup;
			children = (
				2ACE033E1AFC47B90091BD9D /* eShipTests.m */,
				2ACE033C1AFC47B90091BD9D /* Supporting Files */,
			);
			path = eShipTests;
			sourceTree = "<group>";
		};
		2ACE033C1AFC47B90091BD9D /* Supporting Files */ = {
			isa = PBXGroup;
			children = (
				2ACE033D1AFC47B90091BD9D /* Info.plist */,
			);
			name = "Supporting Files";
			sourceTree = "<group>";
		};
		2ACE03551AFC58660091BD9D /* framework */ = {
			isa = PBXGroup;
			children = (
				2AE04EEB1B0D854D00AA9628 /* AMap.bundle */,
				2AE04EDA1B0D843300AA9628 /* MAMapKit.framework */,
				2AE04EDB1B0D843300AA9628 /* SVProgressHUD.bundle */,
				2AE04EDC1B0D843300AA9628 /* ZBar.framework */,
				2AE04ECF1B0C2A7200AA9628 /* CFNetwork.framework */,
				2A0AB2D81B0AE16E00F26262 /* libcommonCrypto.dylib */,
				2A0AB2CE1B0AD5A900F26262 /* CoreData.framework */,
				2A1BF9DD1B058E34003549D7 /* Foundation.framework */,
				2A1BF9DB1B058E2C003549D7 /* UIKit.framework */,
				2A1BF9D91B058E1A003549D7 /* CoreGraphics.framework */,
				2A1BF9D71B058E0E003549D7 /* OpenGLES.framework */,
				2A1BF9D51B058E03003549D7 /* libz.dylib */,
				2A1BF9D31B058DFC003549D7 /* libstdc++.dylib */,
				2A1BF9D11B058DED003549D7 /* Security.framework */,
				2A1BF9CF1B058DE6003549D7 /* libstdc++.6.0.9.dylib */,
				2A1BF9CC1B058CBE003549D7 /* MapKit.framework */,
				2ACE03961B000B8A0091BD9D /* libiconv.dylib */,
				2ACE03941B000B6E0091BD9D /* QuartzCore.framework */,
				2ACE03921B000B630091BD9D /* CoreVideo.framework */,
				2ACE03901B000B5C0091BD9D /* CoreMedia.framework */,
				2ACE038E1B000B520091BD9D /* AVFoundation.framework */,
				2ACE03511AFC584A0091BD9D /* CoreLocation.framework */,
			);
			name = framework;
			sourceTree = "<group>";
		};
		2ACE03981B000D2A0091BD9D /* ViewController */ = {
			isa = PBXGroup;
			children = (
				2ACE03481AFC50A40091BD9D /* SettingsViewController.h */,
				2ACE03491AFC50A40091BD9D /* SettingsViewController.m */,
				2ACE03291AFC47B90091BD9D /* MapViewController.h */,
				2ACE032A1AFC47B90091BD9D /* MapViewController.m */,
				2ACE034B1AFC53BF0091BD9D /* FindViewController.h */,
				2ACE034C1AFC53BF0091BD9D /* FindViewController.m */,
				2ACE034E1AFC53CE0091BD9D /* MineViewController.h */,
				2ACE034F1AFC53CE0091BD9D /* MineViewController.m */,
				2ACE03A41B001A880091BD9D /* CheckPriceViewController.h */,
				2ACE03A51B001A880091BD9D /* CheckPriceViewController.m */,
				2ACE03A71B0054F20091BD9D /* HomeViewController.h */,
				2ACE03A81B0054F20091BD9D /* HomeViewController.m */,
			);
			name = ViewController;
			sourceTree = "<group>";
		};
		2ACE03991B000E100091BD9D /* WYPopoverController */ = {
			isa = PBXGroup;
			children = (
				2ACE039A1B000E100091BD9D /* WYPopoverController.h */,
				2ACE039B1B000E100091BD9D /* WYPopoverController.m */,
				2ACE039C1B000E100091BD9D /* WYStoryboardPopoverSegue.h */,
				2ACE039D1B000E100091BD9D /* WYStoryboardPopoverSegue.m */,
				2ACE03A01B0010340091BD9D /* WYTableViewViewController.h */,
				2ACE03A11B0010340091BD9D /* WYTableViewViewController.m */,
			);
			path = WYPopoverController;
			sourceTree = "<group>";
		};
		2ACE03A31B0016A50091BD9D /* Network */ = {
			isa = PBXGroup;
			children = (
				2AE04ECC1B0C28DB00AA9628 /* BLNetwork.h */,
				2AE04ECD1B0C28DB00AA9628 /* BLNetwork.m */,
			);
			name = Network;
			sourceTree = "<group>";
		};
		2AE04ED11B0C2A9800AA9628 /* Params */ = {
			isa = PBXGroup;
			children = (
				2AE04ED21B0C2AE600AA9628 /* BLParams.h */,
				2AE04ED31B0C2AE600AA9628 /* BLParams.m */,
			);
			name = Params;
			sourceTree = "<group>";
		};
		2AE04EE31B0D845B00AA9628 /* SVProgressHUD */ = {
			isa = PBXGroup;
			children = (
				2AE04EE41B0D84A300AA9628 /* SVIndefiniteAnimatedView.h */,
				2AE04EE51B0D84A300AA9628 /* SVIndefiniteAnimatedView.m */,
				2AE04EE61B0D84A300AA9628 /* SVProgressHUD-Prefix.pch */,
				2AE04EE71B0D84A300AA9628 /* SVProgressHUD.h */,
				2AE04EE81B0D84A300AA9628 /* SVProgressHUD.m */,
			);
			name = SVProgressHUD;
			sourceTree = "<group>";
		};
/* End PBXGroup section */

/* Begin PBXNativeTarget section */
		2ACE031E1AFC47B90091BD9D /* eShip */ = {
			isa = PBXNativeTarget;
			buildConfigurationList = 2ACE03421AFC47B90091BD9D /* Build configuration list for PBXNativeTarget "eShip" */;
			buildPhases = (
				2ACE031B1AFC47B90091BD9D /* Sources */,
				2ACE031C1AFC47B90091BD9D /* Frameworks */,
				2ACE031D1AFC47B90091BD9D /* Resources */,
			);
			buildRules = (
			);
			dependencies = (
			);
			name = eShip;
			productName = eShip;
			productReference = 2ACE031F1AFC47B90091BD9D /* eShip.app */;
			productType = "com.apple.product-type.application";
		};
		2ACE03371AFC47B90091BD9D /* eShipTests */ = {
			isa = PBXNativeTarget;
			buildConfigurationList = 2ACE03451AFC47B90091BD9D /* Build configuration list for PBXNativeTarget "eShipTests" */;
			buildPhases = (
				2ACE03341AFC47B90091BD9D /* Sources */,
				2ACE03351AFC47B90091BD9D /* Frameworks */,
				2ACE03361AFC47B90091BD9D /* Resources */,
			);
			buildRules = (
			);
			dependencies = (
				2ACE033A1AFC47B90091BD9D /* PBXTargetDependency */,
			);
			name = eShipTests;
			productName = eShipTests;
			productReference = 2ACE03381AFC47B90091BD9D /* eShipTests.xctest */;
			productType = "com.apple.product-type.bundle.unit-test";
		};
/* End PBXNativeTarget section */

/* Begin PBXProject section */
		2ACE03171AFC47B90091BD9D /* Project object */ = {
			isa = PBXProject;
			attributes = {
				LastUpgradeCheck = 0630;
				ORGANIZATIONNAME = eShip;
				TargetAttributes = {
					2ACE031E1AFC47B90091BD9D = {
						CreatedOnToolsVersion = 6.3;
					};
					2ACE03371AFC47B90091BD9D = {
						CreatedOnToolsVersion = 6.3;
						TestTargetID = 2ACE031E1AFC47B90091BD9D;
					};
				};
			};
			buildConfigurationList = 2ACE031A1AFC47B90091BD9D /* Build configuration list for PBXProject "eShip" */;
			compatibilityVersion = "Xcode 3.2";
			developmentRegion = English;
			hasScannedForEncodings = 0;
			knownRegions = (
				en,
				Base,
			);
			mainGroup = 2ACE03161AFC47B90091BD9D;
			productRefGroup = 2ACE03201AFC47B90091BD9D /* Products */;
			projectDirPath = "";
			projectRoot = "";
			targets = (
				2ACE031E1AFC47B90091BD9D /* eShip */,
				2ACE03371AFC47B90091BD9D /* eShipTests */,
			);
		};
/* End PBXProject section */

/* Begin PBXResourcesBuildPhase section */
		2ACE031D1AFC47B90091BD9D /* Resources */ = {
			isa = PBXResourcesBuildPhase;
			buildActionMask = 2147483647;
			files = (
				2AE04EEF1B0D86A800AA9628 /* SVProgressHUD.bundle in Resources */,
				2AE04EEE1B0D86A100AA9628 /* AMap.bundle in Resources */,
				2A1BF9F51B059ADB003549D7 /* animatedCar_4.png in Resources */,
				2A1BF9F31B059ADB003549D7 /* animatedCar_2.png in Resources */,
				2ACE032E1AFC47B90091BD9D /* Main.storyboard in Resources */,
				2A1BF9F41B059ADB003549D7 /* animatedCar_3.png in Resources */,
				2ACE03331AFC47B90091BD9D /* LaunchScreen.xib in Resources */,
				2A1BF9F21B059ADB003549D7 /* animatedCar_1.png in Resources */,
				2ACE03301AFC47B90091BD9D /* Images.xcassets in Resources */,
			);
			runOnlyForDeploymentPostprocessing = 0;
		};
		2ACE03361AFC47B90091BD9D /* Resources */ = {
			isa = PBXResourcesBuildPhase;
			buildActionMask = 2147483647;
			files = (
			);
			runOnlyForDeploymentPostprocessing = 0;
		};
/* End PBXResourcesBuildPhase section */

/* Begin PBXSourcesBuildPhase section */
		2ACE031B1AFC47B90091BD9D /* Sources */ = {
			isa = PBXSourcesBuildPhase;
			buildActionMask = 2147483647;
			files = (
				2ACE032B1AFC47B90091BD9D /* MapViewController.m in Sources */,
				2ACE03281AFC47B90091BD9D /* AppDelegate.m in Sources */,
				2AE04ED41B0C2AE600AA9628 /* BLParams.m in Sources */,
				2ACE039F1B000E100091BD9D /* WYStoryboardPopoverSegue.m in Sources */,
				2A1BF9EC1B05988F003549D7 /* MACustomizedAnnotation.m in Sources */,
				2ACE03A61B001A880091BD9D /* CheckPriceViewController.m in Sources */,
				2ACE034D1AFC53BF0091BD9D /* FindViewController.m in Sources */,
				2AE04EEA1B0D84A300AA9628 /* SVProgressHUD.m in Sources */,
				2A1BF9F81B059BBA003549D7 /* MACustomizedAnnotationView.m in Sources */,
				2ACE03A21B0010340091BD9D /* WYTableViewViewController.m in Sources */,
				2ACE03A91B0054F20091BD9D /* HomeViewController.m in Sources */,
				2A0AB2D71B0ADEB200F26262 /* BLBase64.m in Sources */,
				2AE04EE91B0D84A300AA9628 /* SVIndefiniteAnimatedView.m in Sources */,
				2ACE039E1B000E100091BD9D /* WYPopoverController.m in Sources */,
				2ACE03501AFC53CE0091BD9D /* MineViewController.m in Sources */,
				2A0AB2D21B0AD61D00F26262 /* eShipModel.xcdatamodeld in Sources */,
				2ACE03251AFC47B90091BD9D /* main.m in Sources */,
				2AE04ECE1B0C28DB00AA9628 /* BLNetwork.m in Sources */,
				2ACE034A1AFC50A40091BD9D /* SettingsViewController.m in Sources */,
			);
			runOnlyForDeploymentPostprocessing = 0;
		};
		2ACE03341AFC47B90091BD9D /* Sources */ = {
			isa = PBXSourcesBuildPhase;
			buildActionMask = 2147483647;
			files = (
				2ACE033F1AFC47B90091BD9D /* eShipTests.m in Sources */,
			);
			runOnlyForDeploymentPostprocessing = 0;
		};
/* End PBXSourcesBuildPhase section */

/* Begin PBXTargetDependency section */
		2ACE033A1AFC47B90091BD9D /* PBXTargetDependency */ = {
			isa = PBXTargetDependency;
			target = 2ACE031E1AFC47B90091BD9D /* eShip */;
			targetProxy = 2ACE03391AFC47B90091BD9D /* PBXContainerItemProxy */;
		};
/* End PBXTargetDependency section */

/* Begin PBXVariantGroup section */
		2ACE032C1AFC47B90091BD9D /* Main.storyboard */ = {
			isa = PBXVariantGroup;
			children = (
				2ACE032D1AFC47B90091BD9D /* Base */,
			);
			name = Main.storyboard;
			sourceTree = "<group>";
		};
		2ACE03311AFC47B90091BD9D /* LaunchScreen.xib */ = {
			isa = PBXVariantGroup;
			children = (
				2ACE03321AFC47B90091BD9D /* Base */,
			);
			name = LaunchScreen.xib;
			sourceTree = "<group>";
		};
/* End PBXVariantGroup section */

/* Begin XCBuildConfiguration section */
		2ACE03401AFC47B90091BD9D /* Debug */ = {
			isa = XCBuildConfiguration;
			buildSettings = {
				ALWAYS_SEARCH_USER_PATHS = NO;
				CLANG_CXX_LANGUAGE_STANDARD = "gnu++0x";
				CLANG_CXX_LIBRARY = "libc++";
				CLANG_ENABLE_MODULES = YES;
				CLANG_ENABLE_OBJC_ARC = YES;
				CLANG_WARN_BOOL_CONVERSION = YES;
				CLANG_WARN_CONSTANT_CONVERSION = YES;
				CLANG_WARN_DIRECT_OBJC_ISA_USAGE = YES_ERROR;
				CLANG_WARN_EMPTY_BODY = YES;
				CLANG_WARN_ENUM_CONVERSION = YES;
				CLANG_WARN_INT_CONVERSION = YES;
				CLANG_WARN_OBJC_ROOT_CLASS = YES_ERROR;
				CLANG_WARN_UNREACHABLE_CODE = YES;
				CLANG_WARN__DUPLICATE_METHOD_MATCH = YES;
				"CODE_SIGN_IDENTITY[sdk=iphoneos*]" = "iPhone Developer";
				COPY_PHASE_STRIP = NO;
				DEBUG_INFORMATION_FORMAT = "dwarf-with-dsym";
				ENABLE_STRICT_OBJC_MSGSEND = YES;
				GCC_C_LANGUAGE_STANDARD = gnu99;
				GCC_DYNAMIC_NO_PIC = NO;
				GCC_NO_COMMON_BLOCKS = YES;
				GCC_OPTIMIZATION_LEVEL = 0;
				GCC_PREPROCESSOR_DEFINITIONS = (
					"DEBUG=1",
					"$(inherited)",
				);
				GCC_SYMBOLS_PRIVATE_EXTERN = NO;
				GCC_WARN_64_TO_32_BIT_CONVERSION = YES;
				GCC_WARN_ABOUT_RETURN_TYPE = YES_ERROR;
				GCC_WARN_UNDECLARED_SELECTOR = YES;
				GCC_WARN_UNINITIALIZED_AUTOS = YES_AGGRESSIVE;
				GCC_WARN_UNUSED_FUNCTION = YES;
				GCC_WARN_UNUSED_VARIABLE = YES;
				IPHONEOS_DEPLOYMENT_TARGET = 8.3;
				MTL_ENABLE_DEBUG_INFO = YES;
				ONLY_ACTIVE_ARCH = YES;
				SDKROOT = iphoneos;
			};
			name = Debug;
		};
		2ACE03411AFC47B90091BD9D /* Release */ = {
			isa = XCBuildConfiguration;
			buildSettings = {
				ALWAYS_SEARCH_USER_PATHS = NO;
				CLANG_CXX_LANGUAGE_STANDARD = "gnu++0x";
				CLANG_CXX_LIBRARY = "libc++";
				CLANG_ENABLE_MODULES = YES;
				CLANG_ENABLE_OBJC_ARC = YES;
				CLANG_WARN_BOOL_CONVERSION = YES;
				CLANG_WARN_CONSTANT_CONVERSION = YES;
				CLANG_WARN_DIRECT_OBJC_ISA_USAGE = YES_ERROR;
				CLANG_WARN_EMPTY_BODY = YES;
				CLANG_WARN_ENUM_CONVERSION = YES;
				CLANG_WARN_INT_CONVERSION = YES;
				CLANG_WARN_OBJC_ROOT_CLASS = YES_ERROR;
				CLANG_WARN_UNREACHABLE_CODE = YES;
				CLANG_WARN__DUPLICATE_METHOD_MATCH = YES;
				"CODE_SIGN_IDENTITY[sdk=iphoneos*]" = "iPhone Developer";
				COPY_PHASE_STRIP = NO;
				DEBUG_INFORMATION_FORMAT = "dwarf-with-dsym";
				ENABLE_NS_ASSERTIONS = NO;
				ENABLE_STRICT_OBJC_MSGSEND = YES;
				GCC_C_LANGUAGE_STANDARD = gnu99;
				GCC_NO_COMMON_BLOCKS = YES;
				GCC_WARN_64_TO_32_BIT_CONVERSION = YES;
				GCC_WARN_ABOUT_RETURN_TYPE = YES_ERROR;
				GCC_WARN_UNDECLARED_SELECTOR = YES;
				GCC_WARN_UNINITIALIZED_AUTOS = YES_AGGRESSIVE;
				GCC_WARN_UNUSED_FUNCTION = YES;
				GCC_WARN_UNUSED_VARIABLE = YES;
				IPHONEOS_DEPLOYMENT_TARGET = 8.3;
				MTL_ENABLE_DEBUG_INFO = NO;
				SDKROOT = iphoneos;
				VALIDATE_PRODUCT = YES;
			};
			name = Release;
		};
		2ACE03431AFC47B90091BD9D /* Debug */ = {
			isa = XCBuildConfiguration;
			buildSettings = {
				ASSETCATALOG_COMPILER_APPICON_NAME = AppIcon;
				FRAMEWORK_SEARCH_PATHS = (
					"$(inherited)",
					"$(PROJECT_DIR)",
					"$(PROJECT_DIR)/eShip/Framework",
				);
				INFOPLIST_FILE = eShip/Info.plist;
				IPHONEOS_DEPLOYMENT_TARGET = 7.0;
				LD_RUNPATH_SEARCH_PATHS = "$(inherited) @executable_path/Frameworks";
				LIBRARY_SEARCH_PATHS = (
					"$(inherited)",
					"$(PROJECT_DIR)/ZBarSDK",
					"$(SDKROOT)/usr/lib/system",
				);
				PRODUCT_NAME = "$(TARGET_NAME)";
				SDKROOT = iphoneos;
			};
			name = Debug;
		};
		2ACE03441AFC47B90091BD9D /* Release */ = {
			isa = XCBuildConfiguration;
			buildSettings = {
				ASSETCATALOG_COMPILER_APPICON_NAME = AppIcon;
				FRAMEWORK_SEARCH_PATHS = (
					"$(inherited)",
					"$(PROJECT_DIR)",
					"$(PROJECT_DIR)/eShip/Framework",
				);
				INFOPLIST_FILE = eShip/Info.plist;
				IPHONEOS_DEPLOYMENT_TARGET = 7.0;
				LD_RUNPATH_SEARCH_PATHS = "$(inherited) @executable_path/Frameworks";
				LIBRARY_SEARCH_PATHS = (
					"$(inherited)",
					"$(PROJECT_DIR)/ZBarSDK",
					"$(SDKROOT)/usr/lib/system",
				);
				PRODUCT_NAME = "$(TARGET_NAME)";
				SDKROOT = iphoneos;
			};
			name = Release;
		};
		2ACE03461AFC47B90091BD9D /* Debug */ = {
			isa = XCBuildConfiguration;
			buildSettings = {
				BUNDLE_LOADER = "$(TEST_HOST)";
				FRAMEWORK_SEARCH_PATHS = (
					"$(SDKROOT)/Developer/Library/Frameworks",
					"$(inherited)",
				);
				GCC_PREPROCESSOR_DEFINITIONS = (
					"DEBUG=1",
					"$(inherited)",
				);
				INFOPLIST_FILE = eShipTests/Info.plist;
				LD_RUNPATH_SEARCH_PATHS = "$(inherited) @executable_path/Frameworks @loader_path/Frameworks";
				PRODUCT_NAME = "$(TARGET_NAME)";
				TEST_HOST = "$(BUILT_PRODUCTS_DIR)/eShip.app/eShip";
			};
			name = Debug;
		};
		2ACE03471AFC47B90091BD9D /* Release */ = {
			isa = XCBuildConfiguration;
			buildSettings = {
				BUNDLE_LOADER = "$(TEST_HOST)";
				FRAMEWORK_SEARCH_PATHS = (
					"$(SDKROOT)/Developer/Library/Frameworks",
					"$(inherited)",
				);
				INFOPLIST_FILE = eShipTests/Info.plist;
				LD_RUNPATH_SEARCH_PATHS = "$(inherited) @executable_path/Frameworks @loader_path/Frameworks";
				PRODUCT_NAME = "$(TARGET_NAME)";
				TEST_HOST = "$(BUILT_PRODUCTS_DIR)/eShip.app/eShip";
			};
			name = Release;
		};
/* End XCBuildConfiguration section */

/* Begin XCConfigurationList section */
		2ACE031A1AFC47B90091BD9D /* Build configuration list for PBXProject "eShip" */ = {
			isa = XCConfigurationList;
			buildConfigurations = (
				2ACE03401AFC47B90091BD9D /* Debug */,
				2ACE03411AFC47B90091BD9D /* Release */,
			);
			defaultConfigurationIsVisible = 0;
			defaultConfigurationName = Release;
		};
		2ACE03421AFC47B90091BD9D /* Build configuration list for PBXNativeTarget "eShip" */ = {
			isa = XCConfigurationList;
			buildConfigurations = (
				2ACE03431AFC47B90091BD9D /* Debug */,
				2ACE03441AFC47B90091BD9D /* Release */,
			);
			defaultConfigurationIsVisible = 0;
			defaultConfigurationName = Release;
		};
		2ACE03451AFC47B90091BD9D /* Build configuration list for PBXNativeTarget "eShipTests" */ = {
			isa = XCConfigurationList;
			buildConfigurations = (
				2ACE03461AFC47B90091BD9D /* Debug */,
				2ACE03471AFC47B90091BD9D /* Release */,
			);
			defaultConfigurationIsVisible = 0;
			defaultConfigurationName = Release;
		};
/* End XCConfigurationList section */

/* Begin XCVersionGroup section */
		2A0AB2D01B0AD61D00F26262 /* eShipModel.xcdatamodeld */ = {
			isa = XCVersionGroup;
			children = (
				2A0AB2D11B0AD61D00F26262 /* eShipModel.xcdatamodel */,
			);
			currentVersion = 2A0AB2D11B0AD61D00F26262 /* eShipModel.xcdatamodel */;
			path = eShipModel.xcdatamodeld;
			sourceTree = SOURCE_ROOT;
			versionGroupType = wrapper.xcdatamodel;
		};
/* End XCVersionGroup section */
	};
	rootObject = 2ACE03171AFC47B90091BD9D /* Project object */;
}
